
Microsoft Visual Studio Solution File, Format Version 12.00
# Visual Studio Version 17
VisualStudioVersion = 17.11.35222.181
MinimumVisualStudioVersion = 10.0.40219.1
Project("{FAE04EC0-301F-11D3-BF4B-00C04F79EFBC}") = "SleepTrackerAPI", "SleepTrackerAPI\SleepTrackerAPI.csproj", "{6A8D8C23-3104-4266-976C-2F84DCEDB986}"
EndProject
Global
	GlobalSection(SolutionConfigurationPlatforms) = preSolution
		Debug|Any CPU = Debug|Any CPU
		Release|Any CPU = Release|Any CPU
	EndGlobalSection
	GlobalSection(ProjectConfigurationPlatforms) = postSolution
		{6A8D8C23-3104-4266-976C-2F84DCEDB986}.Debug|Any CPU.ActiveCfg = Debug|Any CPU
		{6A8D8C23-3104-4266-976C-2F84DCEDB986}.Debug|Any CPU.Build.0 = Debug|Any CPU
		{6A8D8C23-3104-4266-976C-2F84DCEDB986}.Release|Any CPU.ActiveCfg = Release|Any CPU
		{6A8D8C23-3104-4266-976C-2F84DCEDB986}.Release|Any CPU.Build.0 = Release|Any CPU
	EndGlobalSection
	GlobalSection(SolutionProperties) = preSolution
		HideSolutionNode = FALSE
	EndGlobalSection
	GlobalSection(ExtensibilityGlobals) = postSolution
		SolutionGuid = {AE4A7635-EB8D-4974-8835-F321D857162A}
	EndGlobalSection
EndGlobal
