
Microsoft Visual Studio Solution File, Format Version 12.00
# Visual Studio Version 17
VisualStudioVersion = 17.9.34714.143
MinimumVisualStudioVersion = 10.0.40219.1
Project("{9A19103F-16F7-4668-BE54-9A1E7A4F7556}") = "SleepTracker.API", "SleepTracker.API\SleepTracker.API.csproj", "{6E220F4E-7830-40D1-8168-F48DA4C304A7}"
EndProject
Project("{2150E333-8FDC-42A3-9474-1A3956D46DE8}") = "Solution Items", "Solution Items", "{AB4A9A0F-649F-4F75-97D9-4C60F70AB326}"
	ProjectSection(SolutionItems) = preProject
		README.md = README.md
	EndProjectSection
EndProject
Global
	GlobalSection(SolutionConfigurationPlatforms) = preSolution
		Debug|Any CPU = Debug|Any CPU
		Release|Any CPU = Release|Any CPU
	EndGlobalSection
	GlobalSection(ProjectConfigurationPlatforms) = postSolution
		{6E220F4E-7830-40D1-8168-F48DA4C304A7}.Debug|Any CPU.ActiveCfg = Debug|Any CPU
		{6E220F4E-7830-40D1-8168-F48DA4C304A7}.Debug|Any CPU.Build.0 = Debug|Any CPU
		{6E220F4E-7830-40D1-8168-F48DA4C304A7}.Release|Any CPU.ActiveCfg = Release|Any CPU
		{6E220F4E-7830-40D1-8168-F48DA4C304A7}.Release|Any CPU.Build.0 = Release|Any CPU
	EndGlobalSection
	GlobalSection(SolutionProperties) = preSolution
		HideSolutionNode = FALSE
	EndGlobalSection
	GlobalSection(ExtensibilityGlobals) = postSolution
		SolutionGuid = {051EC463-74B9-41E1-8896-1B4490A86DF0}
	EndGlobalSection
EndGlobal
